
Microsoft Visual Studio Solution File, Format Version 12.00
# Visual Studio Version 16
VisualStudioVersion = 16.0.30523.141
MinimumVisualStudioVersion = 10.0.40219.1
Project("{9A19103F-16F7-4668-BE54-9A1E7A4F7556}") = "VehicleCmsCommon", "VehicleCmsCommon\VehicleCmsCommon.csproj", "{8EC6F798-247B-4361-A2A6-EAF277E132FC}"
EndProject
Global
	GlobalSection(SolutionConfigurationPlatforms) = preSolution
		Debug|Any CPU = Debug|Any CPU
		Release|Any CPU = Release|Any CPU
	EndGlobalSection
	GlobalSection(ProjectConfigurationPlatforms) = postSolution
		{8EC6F798-247B-4361-A2A6-EAF277E132FC}.Debug|Any CPU.ActiveCfg = Debug|Any CPU
		{8EC6F798-247B-4361-A2A6-EAF277E132FC}.Debug|Any CPU.Build.0 = Debug|Any CPU
		{8EC6F798-247B-4361-A2A6-EAF277E132FC}.Release|Any CPU.ActiveCfg = Release|Any CPU
		{8EC6F798-247B-4361-A2A6-EAF277E132FC}.Release|Any CPU.Build.0 = Release|Any CPU
	EndGlobalSection
	GlobalSection(SolutionProperties) = preSolution
		HideSolutionNode = FALSE
	EndGlobalSection
	GlobalSection(ExtensibilityGlobals) = postSolution
		SolutionGuid = {EDA753C3-5F51-4184-B68D-E5B10C0B8248}
	EndGlobalSection
EndGlobal
